
Microsoft Visual Studio Solution File, Format Version 12.00
# Visual Studio Version 16
VisualStudioVersion = 16.0.31624.102
MinimumVisualStudioVersion = 10.0.40219.1
Project("{FAE04EC0-301F-11D3-BF4B-00C04F79EFBC}") = "WEBAPI1", "WEBAPI1\WEBAPI1.csproj", "{C2842A93-9B08-4E0E-80C1-B04B04B410AC}"
EndProject
Global
	GlobalSection(SolutionConfigurationPlatforms) = preSolution
		Debug|Any CPU = Debug|Any CPU
		Release|Any CPU = Release|Any CPU
	EndGlobalSection
	GlobalSection(ProjectConfigurationPlatforms) = postSolution
		{C2842A93-9B08-4E0E-80C1-B04B04B410AC}.Debug|Any CPU.ActiveCfg = Debug|Any CPU
		{C2842A93-9B08-4E0E-80C1-B04B04B410AC}.Debug|Any CPU.Build.0 = Debug|Any CPU
		{C2842A93-9B08-4E0E-80C1-B04B04B410AC}.Release|Any CPU.ActiveCfg = Release|Any CPU
		{C2842A93-9B08-4E0E-80C1-B04B04B410AC}.Release|Any CPU.Build.0 = Release|Any CPU
	EndGlobalSection
	GlobalSection(SolutionProperties) = preSolution
		HideSolutionNode = FALSE
	EndGlobalSection
	GlobalSection(ExtensibilityGlobals) = postSolution
		SolutionGuid = {B77D690D-EC16-4B5E-AB97-6A268FFAEDBD}
	EndGlobalSection
EndGlobal
